
Microsoft Visual Studio Solution File, Format Version 12.00
# Visual Studio 15
VisualStudioVersion = 15.0.28307.902
MinimumVisualStudioVersion = 10.0.40219.1
Project("{FAE04EC0-301F-11D3-BF4B-00C04F79EFBC}") = "AppDomainTest", "AppDomainTest\AppDomainTest.csproj", "{345E55F2-B918-4FFD-B1A9-CE9D427B7C81}"
EndProject
Project("{FAE04EC0-301F-11D3-BF4B-00C04F79EFBC}") = "AssemblyLoader", "AssemblyLoader\AssemblyLoader.csproj", "{D32E1576-61FC-4982-BD11-969D3AF5EE72}"
EndProject
Project("{FAE04EC0-301F-11D3-BF4B-00C04F79EFBC}") = "Test", "Test\Test.csproj", "{E22D0A03-9855-446A-9C07-757A17DF9013}"
EndProject
Global
	GlobalSection(SolutionConfigurationPlatforms) = preSolution
		Debug|Any CPU = Debug|Any CPU
		Release|Any CPU = Release|Any CPU
	EndGlobalSection
	GlobalSection(ProjectConfigurationPlatforms) = postSolution
		{345E55F2-B918-4FFD-B1A9-CE9D427B7C81}.Debug|Any CPU.ActiveCfg = Debug|Any CPU
		{345E55F2-B918-4FFD-B1A9-CE9D427B7C81}.Debug|Any CPU.Build.0 = Debug|Any CPU
		{345E55F2-B918-4FFD-B1A9-CE9D427B7C81}.Release|Any CPU.ActiveCfg = Release|Any CPU
		{345E55F2-B918-4FFD-B1A9-CE9D427B7C81}.Release|Any CPU.Build.0 = Release|Any CPU
		{D32E1576-61FC-4982-BD11-969D3AF5EE72}.Debug|Any CPU.ActiveCfg = Debug|Any CPU
		{D32E1576-61FC-4982-BD11-969D3AF5EE72}.Debug|Any CPU.Build.0 = Debug|Any CPU
		{D32E1576-61FC-4982-BD11-969D3AF5EE72}.Release|Any CPU.ActiveCfg = Release|Any CPU
		{D32E1576-61FC-4982-BD11-969D3AF5EE72}.Release|Any CPU.Build.0 = Release|Any CPU
		{E22D0A03-9855-446A-9C07-757A17DF9013}.Debug|Any CPU.ActiveCfg = Debug|Any CPU
		{E22D0A03-9855-446A-9C07-757A17DF9013}.Debug|Any CPU.Build.0 = Debug|Any CPU
		{E22D0A03-9855-446A-9C07-757A17DF9013}.Release|Any CPU.ActiveCfg = Release|Any CPU
		{E22D0A03-9855-446A-9C07-757A17DF9013}.Release|Any CPU.Build.0 = Release|Any CPU
	EndGlobalSection
	GlobalSection(SolutionProperties) = preSolution
		HideSolutionNode = FALSE
	EndGlobalSection
	GlobalSection(ExtensibilityGlobals) = postSolution
		SolutionGuid = {8EDF6A74-B84A-4C15-8F77-6E187A74253C}
	EndGlobalSection
EndGlobal
