Microsoft Visual Studio Solution File, Format Version 12.00
# Visual Studio Version 16
VisualStudioVersion = 16.0.29102.190
MinimumVisualStudioVersion = 10.0.40219.1
Project("{FAE04EC0-301F-11D3-BF4B-00C04F79EFBC}") = "AssemblyLoader", "AssemblyLoader.csproj", "{D32E1576-61FC-4982-BD11-969D3AF5EE72}"
EndProject
Global
	GlobalSection(SolutionConfigurationPlatforms) = preSolution
		Debug|Any CPU = Debug|Any CPU
		Release|Any CPU = Release|Any CPU
	EndGlobalSection
	GlobalSection(ProjectConfigurationPlatforms) = postSolution
		{D32E1576-61FC-4982-BD11-969D3AF5EE72}.Debug|Any CPU.ActiveCfg = Debug|Any CPU
		{D32E1576-61FC-4982-BD11-969D3AF5EE72}.Debug|Any CPU.Build.0 = Debug|Any CPU
		{D32E1576-61FC-4982-BD11-969D3AF5EE72}.Release|Any CPU.ActiveCfg = Release|Any CPU
		{D32E1576-61FC-4982-BD11-969D3AF5EE72}.Release|Any CPU.Build.0 = Release|Any CPU
	EndGlobalSection
	GlobalSection(SolutionProperties) = preSolution
		HideSolutionNode = FALSE
	EndGlobalSection
	GlobalSection(ExtensibilityGlobals) = postSolution
		SolutionGuid = {1FBF2DEF-1655-42F6-A9A4-81DC024B9B08}
	EndGlobalSection
EndGlobal
